
Microsoft Visual Studio Solution File, Format Version 12.00
# Visual Studio 15
Project("{FAE04EC0-301F-11D3-BF4B-00C04F79EFBC}") = "Assembly-CSharp", "Assembly-CSharp.csproj", "{EE3ABE3A-6AC1-672B-B828-A5C31C6EA6E9}"
EndProject
Project("{FAE04EC0-301F-11D3-BF4B-00C04F79EFBC}") = "Assembly-CSharp-Editor", "Assembly-CSharp-Editor.csproj", "{7A9C729C-C7F9-8B1F-E028-DEDD6B219EA8}"
EndProject
Global
	GlobalSection(SolutionConfigurationPlatforms) = preSolution
		Debug|Any CPU = Debug|Any CPU
		Release|Any CPU = Release|Any CPU
	EndGlobalSection
	GlobalSection(ProjectConfigurationPlatforms) = postSolution
		{EE3ABE3A-6AC1-672B-B828-A5C31C6EA6E9}.Debug|Any CPU.ActiveCfg = Debug|Any CPU
		{EE3ABE3A-6AC1-672B-B828-A5C31C6EA6E9}.Debug|Any CPU.Build.0 = Debug|Any CPU
		{EE3ABE3A-6AC1-672B-B828-A5C31C6EA6E9}.Release|Any CPU.ActiveCfg = Release|Any CPU
		{EE3ABE3A-6AC1-672B-B828-A5C31C6EA6E9}.Release|Any CPU.Build.0 = Release|Any CPU
		{7A9C729C-C7F9-8B1F-E028-DEDD6B219EA8}.Debug|Any CPU.ActiveCfg = Debug|Any CPU
		{7A9C729C-C7F9-8B1F-E028-DEDD6B219EA8}.Debug|Any CPU.Build.0 = Debug|Any CPU
		{7A9C729C-C7F9-8B1F-E028-DEDD6B219EA8}.Release|Any CPU.ActiveCfg = Release|Any CPU
		{7A9C729C-C7F9-8B1F-E028-DEDD6B219EA8}.Release|Any CPU.Build.0 = Release|Any CPU
	EndGlobalSection
	GlobalSection(SolutionProperties) = preSolution
		HideSolutionNode = FALSE
	EndGlobalSection
EndGlobal
